{
  "name": "airspace-calculator",
  "version": "2.1.1",
  "lockfileVersion": 3,
  "requires": true,
  "packages": {
    "": {
      "name": "airspace-calculator",
      "version": "2.1.1",
      "license": "Unlicense",
      "dependencies": {
        "@types/arcgis-rest-api": "^10.4.5",
        "dms-conversion": "^3.1.1",
        "usgs-ned": "~4.0.1"
      },
      "devDependencies": {
        "@types/arcgis-js-api": "^3.26.0",
        "@types/geojson": "^7946.0.10",
        "@types/jasmine": "^4.3.1",
        "jasmine": "^4.5.0",
        "typescript": "^4.9.5"
      }
    },
    "node_modules/@types/arcgis-js-api": {
      "version": "3.40.0",
      "resolved": "https://registry.npmjs.org/@types/arcgis-js-api/-/arcgis-js-api-3.40.0.tgz",
      "integrity": "sha512-XpbC6FOK/+K1nAPYRe22IaIYADLEub/L/CXlSKF7DmnrUXjsZeNhiEwPL21kAws34PML4v38vyeYTiIeM9D1uw==",
      "dev": true
    },
    "node_modules/@types/arcgis-rest-api": {
      "version": "10.4.5",
      "license": "MIT"
    },
    "node_modules/@types/geojson": {
      "version": "7946.0.10",
      "resolved": "https://registry.npmjs.org/@types/geojson/-/geojson-7946.0.10.tgz",
      "integrity": "sha512-Nmh0K3iWQJzniTuPRcJn5hxXkfB1T1pgB89SBig5PlJQU5yocazeu4jATJlaA0GYFKWMqDdvYemoSnF2pXgLVA==",
      "dev": true
    },
    "node_modules/@types/jasmine": {
      "version": "4.3.1",
      "resolved": "https://registry.npmjs.org/@types/jasmine/-/jasmine-4.3.1.tgz",
      "integrity": "sha512-Vu8l+UGcshYmV1VWwULgnV/2RDbBaO6i2Ptx7nd//oJPIZGhoI1YLST4VKagD2Pq/Bc2/7zvtvhM7F3p4SN7kQ==",
      "dev": true
    },
    "node_modules/balanced-match": {
      "version": "1.0.0",
      "dev": true,
      "license": "MIT"
    },
    "node_modules/brace-expansion": {
      "version": "1.1.8",
      "dev": true,
      "license": "MIT",
      "dependencies": {
        "balanced-match": "^1.0.0",
        "concat-map": "0.0.1"
      }
    },
    "node_modules/concat-map": {
      "version": "0.0.1",
      "dev": true,
      "license": "MIT"
    },
    "node_modules/dms-conversion": {
      "version": "3.1.1",
      "license": "Unlicense"
    },
    "node_modules/fs.realpath": {
      "version": "1.0.0",
      "dev": true,
      "license": "ISC"
    },
    "node_modules/glob": {
      "version": "7.2.3",
      "dev": true,
      "license": "ISC",
      "dependencies": {
        "fs.realpath": "^1.0.0",
        "inflight": "^1.0.4",
        "inherits": "2",
        "minimatch": "^3.1.1",
        "once": "^1.3.0",
        "path-is-absolute": "^1.0.0"
      },
      "engines": {
        "node": "*"
      },
      "funding": {
        "url": "https://github.com/sponsors/isaacs"
      }
    },
    "node_modules/inflight": {
      "version": "1.0.6",
      "dev": true,
      "license": "ISC",
      "dependencies": {
        "once": "^1.3.0",
        "wrappy": "1"
      }
    },
    "node_modules/inherits": {
      "version": "2.0.4",
      "dev": true,
      "license": "ISC"
    },
    "node_modules/jasmine": {
      "version": "4.6.0",
      "resolved": "https://registry.npmjs.org/jasmine/-/jasmine-4.6.0.tgz",
      "integrity": "sha512-iq7HQ5M8ydNUspjd9vbFW9Lu+6lQ1QLDIqjl0WysEllF5EJZy8XaUyNlhCJVwOx2YFzqTtARWbS56F/f0PzRFw==",
      "dev": true,
      "dependencies": {
        "glob": "^7.1.6",
        "jasmine-core": "^4.6.0"
      },
      "bin": {
        "jasmine": "bin/jasmine.js"
      }
    },
    "node_modules/jasmine-core": {
      "version": "4.6.0",
      "resolved": "https://registry.npmjs.org/jasmine-core/-/jasmine-core-4.6.0.tgz",
      "integrity": "sha512-O236+gd0ZXS8YAjFx8xKaJ94/erqUliEkJTDedyE7iHvv4ZVqi+q+8acJxu05/WJDKm512EUNn809In37nWlAQ==",
      "dev": true
    },
    "node_modules/minimatch": {
      "version": "3.1.2",
      "dev": true,
      "license": "ISC",
      "dependencies": {
        "brace-expansion": "^1.1.7"
      },
      "engines": {
        "node": "*"
      }
    },
    "node_modules/once": {
      "version": "1.4.0",
      "dev": true,
      "license": "ISC",
      "dependencies": {
        "wrappy": "1"
      }
    },
    "node_modules/path-is-absolute": {
      "version": "1.0.1",
      "dev": true,
      "license": "MIT",
      "engines": {
        "node": ">=0.10.0"
      }
    },
    "node_modules/typescript": {
      "version": "4.9.5",
      "dev": true,
      "license": "Apache-2.0",
      "bin": {
        "tsc": "bin/tsc",
        "tsserver": "bin/tsserver"
      },
      "engines": {
        "node": ">=4.2.0"
      }
    },
    "node_modules/usgs-ned": {
      "version": "4.0.1",
      "license": "Unlicense"
    },
    "node_modules/wrappy": {
      "version": "1.0.2",
      "dev": true,
      "license": "ISC"
    },
    "packages/airspace-calculator": {
      "extraneous": true
    },
    "packages/demo-arcgis4": {
      "extraneous": true
    },
    "packages/UI": {
      "extraneous": true
    }
  }
}
